// !$*UTF8*$!
{
	archiveVersion = 1;
	classes = {
	};
	objectVersion = 55;
	objects = {

/* Begin PBXBuildFile section */
		8D0A9DA928F1C188002BDFF0 /* CourseVC.swift in Sources */ = {isa = PBXBuildFile; fileRef = 8D0A9DA728F1C188002BDFF0 /* CourseVC.swift */; };
		8D0A9DAA28F1C188002BDFF0 /* CourseVC.xib in Resources */ = {isa = PBXBuildFile; fileRef = 8D0A9DA828F1C188002BDFF0 /* CourseVC.xib */; };
		8D0A9DAC28F2D02B002BDFF0 /* UISegmentedControl+Ext.swift in Sources */ = {isa = PBXBuildFile; fileRef = 8D0A9DAB28F2D02B002BDFF0 /* UISegmentedControl+Ext.swift */; };
		8D0A9DB628F30690002BDFF0 /* VoiceTableViewCell.swift in Sources */ = {isa = PBXBuildFile; fileRef = 8D0A9DB428F30690002BDFF0 /* VoiceTableViewCell.swift */; };
		8D0A9DB728F30690002BDFF0 /* VoiceTableViewCell.xib in Resources */ = {isa = PBXBuildFile; fileRef = 8D0A9DB528F30690002BDFF0 /* VoiceTableViewCell.xib */; };
		8D0E817D28E730B5007B51BE /* UIImage+Ext.swift in Sources */ = {isa = PBXBuildFile; fileRef = 8D0E817C28E730B5007B51BE /* UIImage+Ext.swift */; };
		8D31E82B29080464002CB054 /* UITextField+Ext.swift in Sources */ = {isa = PBXBuildFile; fileRef = 8D31E82A29080464002CB054 /* UITextField+Ext.swift */; };
		8D31E82D29080D46002CB054 /* GoogleService-Info (1).plist in Resources */ = {isa = PBXBuildFile; fileRef = 8D31E82C29080D46002CB054 /* GoogleService-Info (1).plist */; };
		8D3A9BCE28ECBAD700AF6497 /* RemindersVC.swift in Sources */ = {isa = PBXBuildFile; fileRef = 8D3A9BCC28ECBAD700AF6497 /* RemindersVC.swift */; };
		8D3A9BCF28ECBAD700AF6497 /* RemindersVC.xib in Resources */ = {isa = PBXBuildFile; fileRef = 8D3A9BCD28ECBAD700AF6497 /* RemindersVC.xib */; };
		8D3A9BD228EE042B00AF6497 /* SnapKit in Frameworks */ = {isa = PBXBuildFile; productRef = 8D3A9BD128EE042B00AF6497 /* SnapKit */; };
		8D3A9BD628EF0EB200AF6497 /* HomeVC.swift in Sources */ = {isa = PBXBuildFile; fileRef = 8D3A9BD428EF0EB200AF6497 /* HomeVC.swift */; };
		8D3A9BD728EF0EB200AF6497 /* HomeVC.xib in Resources */ = {isa = PBXBuildFile; fileRef = 8D3A9BD528EF0EB200AF6497 /* HomeVC.xib */; };
		8D5FFB6328E8A515003E05D5 /* UILabel+Ext.swift in Sources */ = {isa = PBXBuildFile; fileRef = 8D5FFB6228E8A515003E05D5 /* UILabel+Ext.swift */; };
		8D5FFB6728E91EBF003E05D5 /* ChooseTopicVC.swift in Sources */ = {isa = PBXBuildFile; fileRef = 8D5FFB6528E91EBF003E05D5 /* ChooseTopicVC.swift */; };
		8D5FFB6B28E9B84B003E05D5 /* CHTCollectionViewWaterfallLayout in Frameworks */ = {isa = PBXBuildFile; productRef = 8D5FFB6A28E9B84B003E05D5 /* CHTCollectionViewWaterfallLayout */; };
		8D5FFB6D28E9B84B003E05D5 /* CHTCollectionViewWaterfallLayoutObjC in Frameworks */ = {isa = PBXBuildFile; productRef = 8D5FFB6C28E9B84B003E05D5 /* CHTCollectionViewWaterfallLayoutObjC */; };
		8D5FFB6F28E9BCAC003E05D5 /* TopicCollectionViewCell.swift in Sources */ = {isa = PBXBuildFile; fileRef = 8D5FFB6E28E9BCAC003E05D5 /* TopicCollectionViewCell.swift */; };
		8D5FFB7128E9CBDC003E05D5 /* UIView+Animation.swift in Sources */ = {isa = PBXBuildFile; fileRef = 8D5FFB7028E9CBDC003E05D5 /* UIView+Animation.swift */; };
		8D5FFB7328E9CDE3003E05D5 /* UIViewController+Ext.swift in Sources */ = {isa = PBXBuildFile; fileRef = 8D5FFB7228E9CDE3003E05D5 /* UIViewController+Ext.swift */; };
		8D5FFB7528EA072B003E05D5 /* ChooseTopicVC.xib in Resources */ = {isa = PBXBuildFile; fileRef = 8D5FFB7428EA072B003E05D5 /* ChooseTopicVC.xib */; };
		8D5FFB7728EA1CD4003E05D5 /* Constatns.swift in Sources */ = {isa = PBXBuildFile; fileRef = 8D5FFB7628EA1CD4003E05D5 /* Constatns.swift */; };
		8D6671ED28E7082200DDB1A7 /* AppDelegate.swift in Sources */ = {isa = PBXBuildFile; fileRef = 8D6671EC28E7082200DDB1A7 /* AppDelegate.swift */; };
		8D6671EF28E7082200DDB1A7 /* SceneDelegate.swift in Sources */ = {isa = PBXBuildFile; fileRef = 8D6671EE28E7082200DDB1A7 /* SceneDelegate.swift */; };
		8D6671F728E7082200DDB1A7 /* BreathMeditation.xcdatamodeld in Sources */ = {isa = PBXBuildFile; fileRef = 8D6671F528E7082200DDB1A7 /* BreathMeditation.xcdatamodeld */; };
		8D6671F928E7082400DDB1A7 /* Assets.xcassets in Resources */ = {isa = PBXBuildFile; fileRef = 8D6671F828E7082400DDB1A7 /* Assets.xcassets */; };
		8D6671FC28E7082400DDB1A7 /* LaunchScreen.storyboard in Resources */ = {isa = PBXBuildFile; fileRef = 8D6671FA28E7082400DDB1A7 /* LaunchScreen.storyboard */; };
		8D66722828E70D7D00DDB1A7 /* GetStartedVM.swift in Sources */ = {isa = PBXBuildFile; fileRef = 8D66722728E70D7D00DDB1A7 /* GetStartedVM.swift */; };
		8D66722F28E7165400DDB1A7 /* UIColor+Ext.swift in Sources */ = {isa = PBXBuildFile; fileRef = 8D66722E28E7165400DDB1A7 /* UIColor+Ext.swift */; };
		8D66723128E71E5F00DDB1A7 /* UIFont+Ext.swift in Sources */ = {isa = PBXBuildFile; fileRef = 8D66723028E71E5F00DDB1A7 /* UIFont+Ext.swift */; };
		8D66723C28E72E8200DDB1A7 /* Tungsten-Semibold.ttf in Resources */ = {isa = PBXBuildFile; fileRef = 8D66723B28E72E8200DDB1A7 /* Tungsten-Semibold.ttf */; };
		8D96E0852906CAB800C0AA6B /* FirstVC.swift in Sources */ = {isa = PBXBuildFile; fileRef = 8D96E0832906CAB800C0AA6B /* FirstVC.swift */; };
		8D96E0862906CAB800C0AA6B /* FirstVC.xib in Resources */ = {isa = PBXBuildFile; fileRef = 8D96E0842906CAB800C0AA6B /* FirstVC.xib */; };
		8D96E08E2906D8B500C0AA6B /* LoginVC.swift in Sources */ = {isa = PBXBuildFile; fileRef = 8D96E08C2906D8B500C0AA6B /* LoginVC.swift */; };
		8D96E08F2906D8B500C0AA6B /* LoginVC.xib in Resources */ = {isa = PBXBuildFile; fileRef = 8D96E08D2906D8B500C0AA6B /* LoginVC.xib */; };
		8D96E0932906D9C600C0AA6B /* SignUpVC.swift in Sources */ = {isa = PBXBuildFile; fileRef = 8D96E0912906D9C600C0AA6B /* SignUpVC.swift */; };
		8D96E0942906D9C600C0AA6B /* SignUpVC.xib in Resources */ = {isa = PBXBuildFile; fileRef = 8D96E0922906D9C600C0AA6B /* SignUpVC.xib */; };
		8DABE81C28E89662000CD7BA /* Main.storyboard in Resources */ = {isa = PBXBuildFile; fileRef = 8DABE81B28E89662000CD7BA /* Main.storyboard */; };
		8DE0A3CE28F3FE36002BF89E /* VoiceVC.swift in Sources */ = {isa = PBXBuildFile; fileRef = 8DE0A3CC28F3FE36002BF89E /* VoiceVC.swift */; };
		8DE0A3CF28F3FE36002BF89E /* VoiceVC.xib in Resources */ = {isa = PBXBuildFile; fileRef = 8DE0A3CD28F3FE36002BF89E /* VoiceVC.xib */; };
		8DE0A3D428F5CD2D002BF89E /* Focus Attention.mp3 in Resources */ = {isa = PBXBuildFile; fileRef = 8DE0A3D328F5CD2D002BF89E /* Focus Attention.mp3 */; };
		8DF2849228F98BEF00F913A7 /* Body Scan.mp3 in Resources */ = {isa = PBXBuildFile; fileRef = 8DF2849128F98BEF00F913A7 /* Body Scan.mp3 */; };
		8DF2849528F9BB9800F913A7 /* GetStartedVC.swift in Sources */ = {isa = PBXBuildFile; fileRef = 8DF2849328F9BB9800F913A7 /* GetStartedVC.swift */; };
		8DF2849628F9BB9800F913A7 /* GetStartedVC.xib in Resources */ = {isa = PBXBuildFile; fileRef = 8DF2849428F9BB9800F913A7 /* GetStartedVC.xib */; };
		8DF2849A28FC2EA200F913A7 /* ProfileVC.swift in Sources */ = {isa = PBXBuildFile; fileRef = 8DF2849828FC2EA200F913A7 /* ProfileVC.swift */; };
		8DF2849B28FC2EA200F913A7 /* ProfileVC.xib in Resources */ = {isa = PBXBuildFile; fileRef = 8DF2849928FC2EA200F913A7 /* ProfileVC.xib */; };
		8DF94D25290069FB00AB0F9B /* CourseModel.swift in Sources */ = {isa = PBXBuildFile; fileRef = 8DF94D24290069FB00AB0F9B /* CourseModel.swift */; };
		8DFEF62228F054B700A290AA /* TabBarController.swift in Sources */ = {isa = PBXBuildFile; fileRef = 8DFEF62128F054B600A290AA /* TabBarController.swift */; };
		8DFEF62428F056D800A290AA /* UIView+Ext.swift in Sources */ = {isa = PBXBuildFile; fileRef = 8DFEF62328F056D800A290AA /* UIView+Ext.swift */; };
		8DFEF62728F0610A00A290AA /* HomeCell.swift in Sources */ = {isa = PBXBuildFile; fileRef = 8DFEF62628F0610A00A290AA /* HomeCell.swift */; };
		8DFEF62928F0744E00A290AA /* Images.swift in Sources */ = {isa = PBXBuildFile; fileRef = 8DFEF62828F0744E00A290AA /* Images.swift */; };
/* End PBXBuildFile section */

/* Begin PBXContainerItemProxy section */
		8D66720328E7082500DDB1A7 /* PBXContainerItemProxy */ = {
			isa = PBXContainerItemProxy;
			containerPortal = 8D6671E128E7082200DDB1A7 /* Project object */;
			proxyType = 1;
			remoteGlobalIDString = 8D6671E828E7082200DDB1A7;
			remoteInfo = BreathMeditation;
		};
		8D66720D28E7082500DDB1A7 /* PBXContainerItemProxy */ = {
			isa = PBXContainerItemProxy;
			containerPortal = 8D6671E128E7082200DDB1A7 /* Project object */;
			proxyType = 1;
			remoteGlobalIDString = 8D6671E828E7082200DDB1A7;
			remoteInfo = BreathMeditation;
		};
/* End PBXContainerItemProxy section */

/* Begin PBXFileReference section */
		8D0A9DA728F1C188002BDFF0 /* CourseVC.swift */ = {isa = PBXFileReference; lastKnownFileType = sourcecode.swift; path = CourseVC.swift; sourceTree = "<group>"; };
		8D0A9DA828F1C188002BDFF0 /* CourseVC.xib */ = {isa = PBXFileReference; lastKnownFileType = file.xib; path = CourseVC.xib; sourceTree = "<group>"; };
		8D0A9DAB28F2D02B002BDFF0 /* UISegmentedControl+Ext.swift */ = {isa = PBXFileReference; lastKnownFileType = sourcecode.swift; path = "UISegmentedControl+Ext.swift"; sourceTree = "<group>"; };
		8D0A9DB428F30690002BDFF0 /* VoiceTableViewCell.swift */ = {isa = PBXFileReference; lastKnownFileType = sourcecode.swift; path = VoiceTableViewCell.swift; sourceTree = "<group>"; };
		8D0A9DB528F30690002BDFF0 /* VoiceTableViewCell.xib */ = {isa = PBXFileReference; lastKnownFileType = file.xib; path = VoiceTableViewCell.xib; sourceTree = "<group>"; };
		8D0E817C28E730B5007B51BE /* UIImage+Ext.swift */ = {isa = PBXFileReference; lastKnownFileType = sourcecode.swift; path = "UIImage+Ext.swift"; sourceTree = "<group>"; };
		8D31E82A29080464002CB054 /* UITextField+Ext.swift */ = {isa = PBXFileReference; lastKnownFileType = sourcecode.swift; path = "UITextField+Ext.swift"; sourceTree = "<group>"; };
		8D31E82C29080D46002CB054 /* GoogleService-Info (1).plist */ = {isa = PBXFileReference; fileEncoding = 4; lastKnownFileType = text.plist.xml; path = "GoogleService-Info (1).plist"; sourceTree = "<group>"; };
		8D3A9BCC28ECBAD700AF6497 /* RemindersVC.swift */ = {isa = PBXFileReference; lastKnownFileType = sourcecode.swift; path = RemindersVC.swift; sourceTree = "<group>"; };
		8D3A9BCD28ECBAD700AF6497 /* RemindersVC.xib */ = {isa = PBXFileReference; lastKnownFileType = file.xib; path = RemindersVC.xib; sourceTree = "<group>"; };
		8D3A9BD428EF0EB200AF6497 /* HomeVC.swift */ = {isa = PBXFileReference; lastKnownFileType = sourcecode.swift; path = HomeVC.swift; sourceTree = "<group>"; };
		8D3A9BD528EF0EB200AF6497 /* HomeVC.xib */ = {isa = PBXFileReference; lastKnownFileType = file.xib; path = HomeVC.xib; sourceTree = "<group>"; };
		8D5FFB6228E8A515003E05D5 /* UILabel+Ext.swift */ = {isa = PBXFileReference; lastKnownFileType = sourcecode.swift; path = "UILabel+Ext.swift"; sourceTree = "<group>"; };
		8D5FFB6528E91EBF003E05D5 /* ChooseTopicVC.swift */ = {isa = PBXFileReference; lastKnownFileType = sourcecode.swift; path = ChooseTopicVC.swift; sourceTree = "<group>"; };
		8D5FFB6E28E9BCAC003E05D5 /* TopicCollectionViewCell.swift */ = {isa = PBXFileReference; lastKnownFileType = sourcecode.swift; path = TopicCollectionViewCell.swift; sourceTree = "<group>"; };
		8D5FFB7028E9CBDC003E05D5 /* UIView+Animation.swift */ = {isa = PBXFileReference; lastKnownFileType = sourcecode.swift; path = "UIView+Animation.swift"; sourceTree = "<group>"; };
		8D5FFB7228E9CDE3003E05D5 /* UIViewController+Ext.swift */ = {isa = PBXFileReference; lastKnownFileType = sourcecode.swift; path = "UIViewController+Ext.swift"; sourceTree = "<group>"; };
		8D5FFB7428EA072B003E05D5 /* ChooseTopicVC.xib */ = {isa = PBXFileReference; fileEncoding = 4; lastKnownFileType = file.xib; path = ChooseTopicVC.xib; sourceTree = "<group>"; };
		8D5FFB7628EA1CD4003E05D5 /* Constatns.swift */ = {isa = PBXFileReference; lastKnownFileType = sourcecode.swift; path = Constatns.swift; sourceTree = "<group>"; };
		8D6671E928E7082200DDB1A7 /* BreathMeditation.app */ = {isa = PBXFileReference; explicitFileType = wrapper.application; includeInIndex = 0; path = BreathMeditation.app; sourceTree = BUILT_PRODUCTS_DIR; };
		8D6671EC28E7082200DDB1A7 /* AppDelegate.swift */ = {isa = PBXFileReference; lastKnownFileType = sourcecode.swift; path = AppDelegate.swift; sourceTree = "<group>"; };
		8D6671EE28E7082200DDB1A7 /* SceneDelegate.swift */ = {isa = PBXFileReference; lastKnownFileType = sourcecode.swift; path = SceneDelegate.swift; sourceTree = "<group>"; };
		8D6671F628E7082200DDB1A7 /* BreathMeditation.xcdatamodel */ = {isa = PBXFileReference; lastKnownFileType = wrapper.xcdatamodel; path = BreathMeditation.xcdatamodel; sourceTree = "<group>"; };
		8D6671F828E7082400DDB1A7 /* Assets.xcassets */ = {isa = PBXFileReference; lastKnownFileType = folder.assetcatalog; path = Assets.xcassets; sourceTree = "<group>"; };
		8D6671FB28E7082400DDB1A7 /* Base */ = {isa = PBXFileReference; lastKnownFileType = file.storyboard; name = Base; path = Base.lproj/LaunchScreen.storyboard; sourceTree = "<group>"; };
		8D6671FD28E7082400DDB1A7 /* Info.plist */ = {isa = PBXFileReference; lastKnownFileType = text.plist.xml; path = Info.plist; sourceTree = "<group>"; };
		8D66720228E7082500DDB1A7 /* BreathMeditationTests.xctest */ = {isa = PBXFileReference; explicitFileType = wrapper.cfbundle; includeInIndex = 0; path = BreathMeditationTests.xctest; sourceTree = BUILT_PRODUCTS_DIR; };
		8D66720C28E7082500DDB1A7 /* BreathMeditationUITests.xctest */ = {isa = PBXFileReference; explicitFileType = wrapper.cfbundle; includeInIndex = 0; path = BreathMeditationUITests.xctest; sourceTree = BUILT_PRODUCTS_DIR; };
		8D66722728E70D7D00DDB1A7 /* GetStartedVM.swift */ = {isa = PBXFileReference; lastKnownFileType = sourcecode.swift; path = GetStartedVM.swift; sourceTree = "<group>"; };
		8D66722E28E7165400DDB1A7 /* UIColor+Ext.swift */ = {isa = PBXFileReference; lastKnownFileType = sourcecode.swift; path = "UIColor+Ext.swift"; sourceTree = "<group>"; };
		8D66723028E71E5F00DDB1A7 /* UIFont+Ext.swift */ = {isa = PBXFileReference; lastKnownFileType = sourcecode.swift; path = "UIFont+Ext.swift"; sourceTree = "<group>"; };
		8D66723628E72C8200DDB1A7 /* AirbnbCereal_W_Bd.otf */ = {isa = PBXFileReference; lastKnownFileType = file; path = AirbnbCereal_W_Bd.otf; sourceTree = "<group>"; };
		8D66723728E72C8A00DDB1A7 /* AirbnbCereal_W_Blk.otf */ = {isa = PBXFileReference; lastKnownFileType = file; path = AirbnbCereal_W_Blk.otf; sourceTree = "<group>"; };
		8D66723828E72C9200DDB1A7 /* AirbnbCereal_W_XBd.otf */ = {isa = PBXFileReference; lastKnownFileType = file; path = AirbnbCereal_W_XBd.otf; sourceTree = "<group>"; };
		8D66723928E72C9700DDB1A7 /* AirbnbCereal_W_Md.otf */ = {isa = PBXFileReference; lastKnownFileType = file; path = AirbnbCereal_W_Md.otf; sourceTree = "<group>"; };
		8D66723A28E72C9900DDB1A7 /* AirbnbCereal_W_Lt.otf */ = {isa = PBXFileReference; lastKnownFileType = file; path = AirbnbCereal_W_Lt.otf; sourceTree = "<group>"; };
		8D66723B28E72E8200DDB1A7 /* Tungsten-Semibold.ttf */ = {isa = PBXFileReference; lastKnownFileType = file; path = "Tungsten-Semibold.ttf"; sourceTree = "<group>"; };
		8D96E0832906CAB800C0AA6B /* FirstVC.swift */ = {isa = PBXFileReference; lastKnownFileType = sourcecode.swift; path = FirstVC.swift; sourceTree = "<group>"; };
		8D96E0842906CAB800C0AA6B /* FirstVC.xib */ = {isa = PBXFileReference; lastKnownFileType = file.xib; path = FirstVC.xib; sourceTree = "<group>"; };
		8D96E08C2906D8B500C0AA6B /* LoginVC.swift */ = {isa = PBXFileReference; lastKnownFileType = sourcecode.swift; path = LoginVC.swift; sourceTree = "<group>"; };
		8D96E08D2906D8B500C0AA6B /* LoginVC.xib */ = {isa = PBXFileReference; lastKnownFileType = file.xib; path = LoginVC.xib; sourceTree = "<group>"; };
		8D96E0912906D9C600C0AA6B /* SignUpVC.swift */ = {isa = PBXFileReference; lastKnownFileType = sourcecode.swift; path = SignUpVC.swift; sourceTree = "<group>"; };
		8D96E0922906D9C600C0AA6B /* SignUpVC.xib */ = {isa = PBXFileReference; lastKnownFileType = file.xib; path = SignUpVC.xib; sourceTree = "<group>"; };
		8DABE81B28E89662000CD7BA /* Main.storyboard */ = {isa = PBXFileReference; lastKnownFileType = file.storyboard; path = Main.storyboard; sourceTree = "<group>"; };
		8DE0A3CC28F3FE36002BF89E /* VoiceVC.swift */ = {isa = PBXFileReference; lastKnownFileType = sourcecode.swift; path = VoiceVC.swift; sourceTree = "<group>"; };
		8DE0A3CD28F3FE36002BF89E /* VoiceVC.xib */ = {isa = PBXFileReference; lastKnownFileType = file.xib; path = VoiceVC.xib; sourceTree = "<group>"; };
		8DE0A3D328F5CD2D002BF89E /* Focus Attention.mp3 */ = {isa = PBXFileReference; lastKnownFileType = audio.mp3; path = "Focus Attention.mp3"; sourceTree = "<group>"; };
		8DF2849128F98BEF00F913A7 /* Body Scan.mp3 */ = {isa = PBXFileReference; lastKnownFileType = audio.mp3; path = "Body Scan.mp3"; sourceTree = "<group>"; };
		8DF2849328F9BB9800F913A7 /* GetStartedVC.swift */ = {isa = PBXFileReference; lastKnownFileType = sourcecode.swift; path = GetStartedVC.swift; sourceTree = "<group>"; };
		8DF2849428F9BB9800F913A7 /* GetStartedVC.xib */ = {isa = PBXFileReference; lastKnownFileType = file.xib; path = GetStartedVC.xib; sourceTree = "<group>"; };
		8DF2849828FC2EA200F913A7 /* ProfileVC.swift */ = {isa = PBXFileReference; lastKnownFileType = sourcecode.swift; path = ProfileVC.swift; sourceTree = "<group>"; };
		8DF2849928FC2EA200F913A7 /* ProfileVC.xib */ = {isa = PBXFileReference; lastKnownFileType = file.xib; path = ProfileVC.xib; sourceTree = "<group>"; };
		8DF94D24290069FB00AB0F9B /* CourseModel.swift */ = {isa = PBXFileReference; lastKnownFileType = sourcecode.swift; path = CourseModel.swift; sourceTree = "<group>"; };
		8DFEF62128F054B600A290AA /* TabBarController.swift */ = {isa = PBXFileReference; lastKnownFileType = sourcecode.swift; path = TabBarController.swift; sourceTree = "<group>"; };
		8DFEF62328F056D800A290AA /* UIView+Ext.swift */ = {isa = PBXFileReference; lastKnownFileType = sourcecode.swift; path = "UIView+Ext.swift"; sourceTree = "<group>"; };
		8DFEF62628F0610A00A290AA /* HomeCell.swift */ = {isa = PBXFileReference; lastKnownFileType = sourcecode.swift; path = HomeCell.swift; sourceTree = "<group>"; };
		8DFEF62828F0744E00A290AA /* Images.swift */ = {isa = PBXFileReference; lastKnownFileType = sourcecode.swift; path = Images.swift; sourceTree = "<group>"; };
/* End PBXFileReference section */

/* Begin PBXFrameworksBuildPhase section */
		8D6671E628E7082200DDB1A7 /* Frameworks */ = {
			isa = PBXFrameworksBuildPhase;
			buildActionMask = 2147483647;
			files = (
				8D3A9BD228EE042B00AF6497 /* SnapKit in Frameworks */,
				8D5FFB6D28E9B84B003E05D5 /* CHTCollectionViewWaterfallLayoutObjC in Frameworks */,
				8D5FFB6B28E9B84B003E05D5 /* CHTCollectionViewWaterfallLayout in Frameworks */,
			);
			runOnlyForDeploymentPostprocessing = 0;
		};
		8D6671FF28E7082500DDB1A7 /* Frameworks */ = {
			isa = PBXFrameworksBuildPhase;
			buildActionMask = 2147483647;
			files = (
			);
			runOnlyForDeploymentPostprocessing = 0;
		};
		8D66720928E7082500DDB1A7 /* Frameworks */ = {
			isa = PBXFrameworksBuildPhase;
			buildActionMask = 2147483647;
			files = (
			);
			runOnlyForDeploymentPostprocessing = 0;
		};
/* End PBXFrameworksBuildPhase section */

/* Begin PBXGroup section */
		8D0A9DA628F1C144002BDFF0 /* Course */ = {
			isa = PBXGroup;
			children = (
				8D0A9DA728F1C188002BDFF0 /* CourseVC.swift */,
				8D0A9DA828F1C188002BDFF0 /* CourseVC.xib */,
				8D0A9DB328F3065B002BDFF0 /* Cell */,
			);
			path = Course;
			sourceTree = "<group>";
		};
		8D0A9DB328F3065B002BDFF0 /* Cell */ = {
			isa = PBXGroup;
			children = (
				8D0A9DB428F30690002BDFF0 /* VoiceTableViewCell.swift */,
				8D0A9DB528F30690002BDFF0 /* VoiceTableViewCell.xib */,
			);
			path = Cell;
			sourceTree = "<group>";
		};
		8D3A9BD328EF0DCC00AF6497 /* Home */ = {
			isa = PBXGroup;
			children = (
				8DFEF62528F060C100A290AA /* Cell */,
				8D3A9BD428EF0EB200AF6497 /* HomeVC.swift */,
				8D3A9BD528EF0EB200AF6497 /* HomeVC.xib */,
			);
			path = Home;
			sourceTree = "<group>";
		};
		8D5FFB6428E8E26D003E05D5 /* Choose Topic */ = {
			isa = PBXGroup;
			children = (
				8D5FFB6528E91EBF003E05D5 /* ChooseTopicVC.swift */,
				8D5FFB7428EA072B003E05D5 /* ChooseTopicVC.xib */,
				8D5FFB6E28E9BCAC003E05D5 /* TopicCollectionViewCell.swift */,
			);
			path = "Choose Topic";
			sourceTree = "<group>";
		};
		8D6671E028E7082200DDB1A7 = {
			isa = PBXGroup;
			children = (
				8D6671EB28E7082200DDB1A7 /* BreathMeditation */,
				8D6671EA28E7082200DDB1A7 /* Products */,
			);
			sourceTree = "<group>";
		};
		8D6671EA28E7082200DDB1A7 /* Products */ = {
			isa = PBXGroup;
			children = (
				8D6671E928E7082200DDB1A7 /* BreathMeditation.app */,
				8D66720228E7082500DDB1A7 /* BreathMeditationTests.xctest */,
				8D66720C28E7082500DDB1A7 /* BreathMeditationUITests.xctest */,
			);
			name = Products;
			sourceTree = "<group>";
		};
		8D6671EB28E7082200DDB1A7 /* BreathMeditation */ = {
			isa = PBXGroup;
			children = (
				8D31E82C29080D46002CB054 /* GoogleService-Info (1).plist */,
				8D66723228E721F700DDB1A7 /* Resources */,
				8D66722D28E715BC00DDB1A7 /* Model */,
				8D66721F28E70BE100DDB1A7 /* System */,
				8D66722128E70CCC00DDB1A7 /* Scenes */,
				8D66722028E70BF700DDB1A7 /* CoreData */,
				8DE0A3D028F5CB9A002BF89E /* Sounds */,
				8D66722928E7150500DDB1A7 /* Helper */,
			);
			path = BreathMeditation;
			sourceTree = "<group>";
		};
		8D66721F28E70BE100DDB1A7 /* System */ = {
			isa = PBXGroup;
			children = (
				8D6671EC28E7082200DDB1A7 /* AppDelegate.swift */,
				8D6671EE28E7082200DDB1A7 /* SceneDelegate.swift */,
				8D6671F828E7082400DDB1A7 /* Assets.xcassets */,
				8DABE81B28E89662000CD7BA /* Main.storyboard */,
				8D6671FA28E7082400DDB1A7 /* LaunchScreen.storyboard */,
				8D6671FD28E7082400DDB1A7 /* Info.plist */,
			);
			path = System;
			sourceTree = "<group>";
		};
		8D66722028E70BF700DDB1A7 /* CoreData */ = {
			isa = PBXGroup;
			children = (
				8D6671F528E7082200DDB1A7 /* BreathMeditation.xcdatamodeld */,
			);
			path = CoreData;
			sourceTree = "<group>";
		};
		8D66722128E70CCC00DDB1A7 /* Scenes */ = {
			isa = PBXGroup;
			children = (
				8DFEF62128F054B600A290AA /* TabBarController.swift */,
				8D66722228E70CE700DDB1A7 /* GetStarted */,
				8DF2849728FC2E8700F913A7 /* Profile */,
				8D5FFB6428E8E26D003E05D5 /* Choose Topic */,
				8D8B268E28EB614000B5E81A /* Reminders */,
				8D3A9BD328EF0DCC00AF6497 /* Home */,
				8D0A9DA628F1C144002BDFF0 /* Course */,
				8D96E0902906D99100C0AA6B /* SignUp */,
				8D96E0872906D84300C0AA6B /* Log In */,
				8D96E0822906CA1300C0AA6B /* Sign Up and Sign In */,
				8DE0A3CB28F3FDEF002BF89E /* Music */,
			);
			path = Scenes;
			sourceTree = "<group>";
		};
		8D66722228E70CE700DDB1A7 /* GetStarted */ = {
			isa = PBXGroup;
			children = (
				8D66722728E70D7D00DDB1A7 /* GetStartedVM.swift */,
				8DF2849328F9BB9800F913A7 /* GetStartedVC.swift */,
				8DF2849428F9BB9800F913A7 /* GetStartedVC.xib */,
			);
			path = GetStarted;
			sourceTree = "<group>";
		};
		8D66722928E7150500DDB1A7 /* Helper */ = {
			isa = PBXGroup;
			children = (
				8D66722C28E7152D00DDB1A7 /* Constants */,
				8D66722B28E7151500DDB1A7 /* Extensions */,
				8D66722A28E7150D00DDB1A7 /* Enums */,
			);
			path = Helper;
			sourceTree = "<group>";
		};
		8D66722A28E7150D00DDB1A7 /* Enums */ = {
			isa = PBXGroup;
			children = (
				8DFEF62828F0744E00A290AA /* Images.swift */,
			);
			path = Enums;
			sourceTree = "<group>";
		};
		8D66722B28E7151500DDB1A7 /* Extensions */ = {
			isa = PBXGroup;
			children = (
				8D66722E28E7165400DDB1A7 /* UIColor+Ext.swift */,
				8D66723028E71E5F00DDB1A7 /* UIFont+Ext.swift */,
				8D0A9DAB28F2D02B002BDFF0 /* UISegmentedControl+Ext.swift */,
				8D0E817C28E730B5007B51BE /* UIImage+Ext.swift */,
				8D5FFB6228E8A515003E05D5 /* UILabel+Ext.swift */,
				8D5FFB7028E9CBDC003E05D5 /* UIView+Animation.swift */,
				8DFEF62328F056D800A290AA /* UIView+Ext.swift */,
				8D31E82A29080464002CB054 /* UITextField+Ext.swift */,
				8D5FFB7228E9CDE3003E05D5 /* UIViewController+Ext.swift */,
			);
			path = Extensions;
			sourceTree = "<group>";
		};
		8D66722C28E7152D00DDB1A7 /* Constants */ = {
			isa = PBXGroup;
			children = (
				8D5FFB7628EA1CD4003E05D5 /* Constatns.swift */,
			);
			path = Constants;
			sourceTree = "<group>";
		};
		8D66722D28E715BC00DDB1A7 /* Model */ = {
			isa = PBXGroup;
			children = (
				8DF94D24290069FB00AB0F9B /* CourseModel.swift */,
			);
			path = Model;
			sourceTree = "<group>";
		};
		8D66723228E721F700DDB1A7 /* Resources */ = {
			isa = PBXGroup;
			children = (
				8D66723828E72C9200DDB1A7 /* AirbnbCereal_W_XBd.otf */,
				8D66723628E72C8200DDB1A7 /* AirbnbCereal_W_Bd.otf */,
				8D66723728E72C8A00DDB1A7 /* AirbnbCereal_W_Blk.otf */,
				8D66723A28E72C9900DDB1A7 /* AirbnbCereal_W_Lt.otf */,
				8D66723928E72C9700DDB1A7 /* AirbnbCereal_W_Md.otf */,
				8D66723B28E72E8200DDB1A7 /* Tungsten-Semibold.ttf */,
			);
			path = Resources;
			sourceTree = "<group>";
		};
		8D8B268E28EB614000B5E81A /* Reminders */ = {
			isa = PBXGroup;
			children = (
				8D3A9BCC28ECBAD700AF6497 /* RemindersVC.swift */,
				8D3A9BCD28ECBAD700AF6497 /* RemindersVC.xib */,
			);
			path = Reminders;
			sourceTree = "<group>";
		};
		8D96E0822906CA1300C0AA6B /* Sign Up and Sign In */ = {
			isa = PBXGroup;
			children = (
				8D96E0832906CAB800C0AA6B /* FirstVC.swift */,
				8D96E0842906CAB800C0AA6B /* FirstVC.xib */,
			);
			path = "Sign Up and Sign In";
			sourceTree = "<group>";
		};
		8D96E0872906D84300C0AA6B /* Log In */ = {
			isa = PBXGroup;
			children = (
				8D96E08C2906D8B500C0AA6B /* LoginVC.swift */,
				8D96E08D2906D8B500C0AA6B /* LoginVC.xib */,
			);
			path = "Log In";
			sourceTree = "<group>";
		};
		8D96E0902906D99100C0AA6B /* SignUp */ = {
			isa = PBXGroup;
			children = (
				8D96E0912906D9C600C0AA6B /* SignUpVC.swift */,
				8D96E0922906D9C600C0AA6B /* SignUpVC.xib */,
			);
			path = SignUp;
			sourceTree = "<group>";
		};
		8DE0A3CB28F3FDEF002BF89E /* Music */ = {
			isa = PBXGroup;
			children = (
				8DE0A3CC28F3FE36002BF89E /* VoiceVC.swift */,
				8DE0A3CD28F3FE36002BF89E /* VoiceVC.xib */,
			);
			path = Music;
			sourceTree = "<group>";
		};
		8DE0A3D028F5CB9A002BF89E /* Sounds */ = {
			isa = PBXGroup;
			children = (
				8DE0A3D328F5CD2D002BF89E /* Focus Attention.mp3 */,
				8DF2849128F98BEF00F913A7 /* Body Scan.mp3 */,
			);
			path = Sounds;
			sourceTree = "<group>";
		};
		8DF2849728FC2E8700F913A7 /* Profile */ = {
			isa = PBXGroup;
			children = (
				8DF2849828FC2EA200F913A7 /* ProfileVC.swift */,
				8DF2849928FC2EA200F913A7 /* ProfileVC.xib */,
			);
			path = Profile;
			sourceTree = "<group>";
		};
		8DFEF62528F060C100A290AA /* Cell */ = {
			isa = PBXGroup;
			children = (
				8DFEF62628F0610A00A290AA /* HomeCell.swift */,
			);
			path = Cell;
			sourceTree = "<group>";
		};
/* End PBXGroup section */

/* Begin PBXNativeTarget section */
		8D6671E828E7082200DDB1A7 /* BreathMeditation */ = {
			isa = PBXNativeTarget;
			buildConfigurationList = 8D66721628E7082500DDB1A7 /* Build configuration list for PBXNativeTarget "BreathMeditation" */;
			buildPhases = (
				8D6671E528E7082200DDB1A7 /* Sources */,
				8D6671E628E7082200DDB1A7 /* Frameworks */,
				8D6671E728E7082200DDB1A7 /* Resources */,
			);
			buildRules = (
			);
			dependencies = (
			);
			name = BreathMeditation;
			packageProductDependencies = (
				8D5FFB6A28E9B84B003E05D5 /* CHTCollectionViewWaterfallLayout */,
				8D5FFB6C28E9B84B003E05D5 /* CHTCollectionViewWaterfallLayoutObjC */,
				8D3A9BD128EE042B00AF6497 /* SnapKit */,
			);
			productName = BreathMeditation;
			productReference = 8D6671E928E7082200DDB1A7 /* BreathMeditation.app */;
			productType = "com.apple.product-type.application";
		};
		8D66720128E7082500DDB1A7 /* BreathMeditationTests */ = {
			isa = PBXNativeTarget;
			buildConfigurationList = 8D66721928E7082500DDB1A7 /* Build configuration list for PBXNativeTarget "BreathMeditationTests" */;
			buildPhases = (
				8D6671FE28E7082500DDB1A7 /* Sources */,
				8D6671FF28E7082500DDB1A7 /* Frameworks */,
				8D66720028E7082500DDB1A7 /* Resources */,
			);
			buildRules = (
			);
			dependencies = (
				8D66720428E7082500DDB1A7 /* PBXTargetDependency */,
			);
			name = BreathMeditationTests;
			productName = BreathMeditationTests;
			productReference = 8D66720228E7082500DDB1A7 /* BreathMeditationTests.xctest */;
			productType = "com.apple.product-type.bundle.unit-test";
		};
		8D66720B28E7082500DDB1A7 /* BreathMeditationUITests */ = {
			isa = PBXNativeTarget;
			buildConfigurationList = 8D66721C28E7082500DDB1A7 /* Build configuration list for PBXNativeTarget "BreathMeditationUITests" */;
			buildPhases = (
				8D66720828E7082500DDB1A7 /* Sources */,
				8D66720928E7082500DDB1A7 /* Frameworks */,
				8D66720A28E7082500DDB1A7 /* Resources */,
			);
			buildRules = (
			);
			dependencies = (
				8D66720E28E7082500DDB1A7 /* PBXTargetDependency */,
			);
			name = BreathMeditationUITests;
			productName = BreathMeditationUITests;
			productReference = 8D66720C28E7082500DDB1A7 /* BreathMeditationUITests.xctest */;
			productType = "com.apple.product-type.bundle.ui-testing";
		};
/* End PBXNativeTarget section */

/* Begin PBXProject section */
		8D6671E128E7082200DDB1A7 /* Project object */ = {
			isa = PBXProject;
			attributes = {
				BuildIndependentTargetsInParallel = 1;
				LastSwiftUpdateCheck = 1340;
				LastUpgradeCheck = 1340;
				TargetAttributes = {
					8D6671E828E7082200DDB1A7 = {
						CreatedOnToolsVersion = 13.4.1;
					};
					8D66720128E7082500DDB1A7 = {
						CreatedOnToolsVersion = 13.4.1;
						TestTargetID = 8D6671E828E7082200DDB1A7;
					};
					8D66720B28E7082500DDB1A7 = {
						CreatedOnToolsVersion = 13.4.1;
						TestTargetID = 8D6671E828E7082200DDB1A7;
					};
				};
			};
			buildConfigurationList = 8D6671E428E7082200DDB1A7 /* Build configuration list for PBXProject "BreathMeditation" */;
			compatibilityVersion = "Xcode 13.0";
			developmentRegion = en;
			hasScannedForEncodings = 0;
			knownRegions = (
				en,
				Base,
			);
			mainGroup = 8D6671E028E7082200DDB1A7;
			packageReferences = (
				8D5FFB6928E9B84B003E05D5 /* XCRemoteSwiftPackageReference "CHTCollectionViewWaterfallLayout" */,
				8D3A9BD028EE042B00AF6497 /* XCRemoteSwiftPackageReference "SnapKit" */,
			);
			productRefGroup = 8D6671EA28E7082200DDB1A7 /* Products */;
			projectDirPath = "";
			projectRoot = "";
			targets = (
				8D6671E828E7082200DDB1A7 /* BreathMeditation */,
				8D66720128E7082500DDB1A7 /* BreathMeditationTests */,
				8D66720B28E7082500DDB1A7 /* BreathMeditationUITests */,
			);
		};
/* End PBXProject section */

/* Begin PBXResourcesBuildPhase section */
		8D6671E728E7082200DDB1A7 /* Resources */ = {
			isa = PBXResourcesBuildPhase;
			buildActionMask = 2147483647;
			files = (
				8DF2849628F9BB9800F913A7 /* GetStartedVC.xib in Resources */,
				8D31E82D29080D46002CB054 /* GoogleService-Info (1).plist in Resources */,
				8D66723C28E72E8200DDB1A7 /* Tungsten-Semibold.ttf in Resources */,
				8D6671FC28E7082400DDB1A7 /* LaunchScreen.storyboard in Resources */,
				8D3A9BCF28ECBAD700AF6497 /* RemindersVC.xib in Resources */,
				8DF2849B28FC2EA200F913A7 /* ProfileVC.xib in Resources */,
				8D5FFB7528EA072B003E05D5 /* ChooseTopicVC.xib in Resources */,
				8D6671F928E7082400DDB1A7 /* Assets.xcassets in Resources */,
				8DE0A3D428F5CD2D002BF89E /* Focus Attention.mp3 in Resources */,
				8DF2849228F98BEF00F913A7 /* Body Scan.mp3 in Resources */,
				8DABE81C28E89662000CD7BA /* Main.storyboard in Resources */,
				8D3A9BD728EF0EB200AF6497 /* HomeVC.xib in Resources */,
				8DE0A3CF28F3FE36002BF89E /* VoiceVC.xib in Resources */,
				8D0A9DB728F30690002BDFF0 /* VoiceTableViewCell.xib in Resources */,
				8D0A9DAA28F1C188002BDFF0 /* CourseVC.xib in Resources */,
				8D96E08F2906D8B500C0AA6B /* LoginVC.xib in Resources */,
				8D96E0862906CAB800C0AA6B /* FirstVC.xib in Resources */,
				8D96E0942906D9C600C0AA6B /* SignUpVC.xib in Resources */,
			);
			runOnlyForDeploymentPostprocessing = 0;
		};
		8D66720028E7082500DDB1A7 /* Resources */ = {
			isa = PBXResourcesBuildPhase;
			buildActionMask = 2147483647;
			files = (
			);
			runOnlyForDeploymentPostprocessing = 0;
		};
		8D66720A28E7082500DDB1A7 /* Resources */ = {
			isa = PBXResourcesBuildPhase;
			buildActionMask = 2147483647;
			files = (
			);
			runOnlyForDeploymentPostprocessing = 0;
		};
/* End PBXResourcesBuildPhase section */

/* Begin PBXSourcesBuildPhase section */
		8D6671E528E7082200DDB1A7 /* Sources */ = {
			isa = PBXSourcesBuildPhase;
			buildActionMask = 2147483647;
			files = (
				8DF94D25290069FB00AB0F9B /* CourseModel.swift in Sources */,
				8D31E82B29080464002CB054 /* UITextField+Ext.swift in Sources */,
				8D0E817D28E730B5007B51BE /* UIImage+Ext.swift in Sources */,
				8D96E08E2906D8B500C0AA6B /* LoginVC.swift in Sources */,
				8D3A9BCE28ECBAD700AF6497 /* RemindersVC.swift in Sources */,
				8DFEF62728F0610A00A290AA /* HomeCell.swift in Sources */,
				8D5FFB7328E9CDE3003E05D5 /* UIViewController+Ext.swift in Sources */,
				8D5FFB7128E9CBDC003E05D5 /* UIView+Animation.swift in Sources */,
				8DF2849A28FC2EA200F913A7 /* ProfileVC.swift in Sources */,
				8D96E0852906CAB800C0AA6B /* FirstVC.swift in Sources */,
				8D5FFB6728E91EBF003E05D5 /* ChooseTopicVC.swift in Sources */,
				8D5FFB6328E8A515003E05D5 /* UILabel+Ext.swift in Sources */,
				8DE0A3CE28F3FE36002BF89E /* VoiceVC.swift in Sources */,
				8DFEF62228F054B700A290AA /* TabBarController.swift in Sources */,
				8D66723128E71E5F00DDB1A7 /* UIFont+Ext.swift in Sources */,
				8D6671F728E7082200DDB1A7 /* BreathMeditation.xcdatamodeld in Sources */,
				8D0A9DB628F30690002BDFF0 /* VoiceTableViewCell.swift in Sources */,
				8D0A9DA928F1C188002BDFF0 /* CourseVC.swift in Sources */,
				8D6671ED28E7082200DDB1A7 /* AppDelegate.swift in Sources */,
				8D0A9DAC28F2D02B002BDFF0 /* UISegmentedControl+Ext.swift in Sources */,
				8D3A9BD628EF0EB200AF6497 /* HomeVC.swift in Sources */,
				8D5FFB6F28E9BCAC003E05D5 /* TopicCollectionViewCell.swift in Sources */,
				8D96E0932906D9C600C0AA6B /* SignUpVC.swift in Sources */,
				8D66722F28E7165400DDB1A7 /* UIColor+Ext.swift in Sources */,
				8DFEF62428F056D800A290AA /* UIView+Ext.swift in Sources */,
				8DF2849528F9BB9800F913A7 /* GetStartedVC.swift in Sources */,
				8D66722828E70D7D00DDB1A7 /* GetStartedVM.swift in Sources */,
				8DFEF62928F0744E00A290AA /* Images.swift in Sources */,
				8D6671EF28E7082200DDB1A7 /* SceneDelegate.swift in Sources */,
				8D5FFB7728EA1CD4003E05D5 /* Constatns.swift in Sources */,
			);
			runOnlyForDeploymentPostprocessing = 0;
		};
		8D6671FE28E7082500DDB1A7 /* Sources */ = {
			isa = PBXSourcesBuildPhase;
			buildActionMask = 2147483647;
			files = (
			);
			runOnlyForDeploymentPostprocessing = 0;
		};
		8D66720828E7082500DDB1A7 /* Sources */ = {
			isa = PBXSourcesBuildPhase;
			buildActionMask = 2147483647;
			files = (
			);
			runOnlyForDeploymentPostprocessing = 0;
		};
/* End PBXSourcesBuildPhase section */

/* Begin PBXTargetDependency section */
		8D66720428E7082500DDB1A7 /* PBXTargetDependency */ = {
			isa = PBXTargetDependency;
			target = 8D6671E828E7082200DDB1A7 /* BreathMeditation */;
			targetProxy = 8D66720328E7082500DDB1A7 /* PBXContainerItemProxy */;
		};
		8D66720E28E7082500DDB1A7 /* PBXTargetDependency */ = {
			isa = PBXTargetDependency;
			target = 8D6671E828E7082200DDB1A7 /* BreathMeditation */;
			targetProxy = 8D66720D28E7082500DDB1A7 /* PBXContainerItemProxy */;
		};
/* End PBXTargetDependency section */

/* Begin PBXVariantGroup section */
		8D6671FA28E7082400DDB1A7 /* LaunchScreen.storyboard */ = {
			isa = PBXVariantGroup;
			children = (
				8D6671FB28E7082400DDB1A7 /* Base */,
			);
			name = LaunchScreen.storyboard;
			sourceTree = "<group>";
		};
/* End PBXVariantGroup section */

/* Begin XCBuildConfiguration section */
		8D66721428E7082500DDB1A7 /* Debug */ = {
			isa = XCBuildConfiguration;
			buildSettings = {
				ALWAYS_SEARCH_USER_PATHS = NO;
				CLANG_ANALYZER_NONNULL = YES;
				CLANG_ANALYZER_NUMBER_OBJECT_CONVERSION = YES_AGGRESSIVE;
				CLANG_CXX_LANGUAGE_STANDARD = "gnu++17";
				CLANG_ENABLE_MODULES = YES;
				CLANG_ENABLE_OBJC_ARC = YES;
				CLANG_ENABLE_OBJC_WEAK = YES;
				CLANG_WARN_BLOCK_CAPTURE_AUTORELEASING = YES;
				CLANG_WARN_BOOL_CONVERSION = YES;
				CLANG_WARN_COMMA = YES;
				CLANG_WARN_CONSTANT_CONVERSION = YES;
				CLANG_WARN_DEPRECATED_OBJC_IMPLEMENTATIONS = YES;
				CLANG_WARN_DIRECT_OBJC_ISA_USAGE = YES_ERROR;
				CLANG_WARN_DOCUMENTATION_COMMENTS = YES;
				CLANG_WARN_EMPTY_BODY = YES;
				CLANG_WARN_ENUM_CONVERSION = YES;
				CLANG_WARN_INFINITE_RECURSION = YES;
				CLANG_WARN_INT_CONVERSION = YES;
				CLANG_WARN_NON_LITERAL_NULL_CONVERSION = YES;
				CLANG_WARN_OBJC_IMPLICIT_RETAIN_SELF = YES;
				CLANG_WARN_OBJC_LITERAL_CONVERSION = YES;
				CLANG_WARN_OBJC_ROOT_CLASS = YES_ERROR;
				CLANG_WARN_QUOTED_INCLUDE_IN_FRAMEWORK_HEADER = YES;
				CLANG_WARN_RANGE_LOOP_ANALYSIS = YES;
				CLANG_WARN_STRICT_PROTOTYPES = YES;
				CLANG_WARN_SUSPICIOUS_MOVE = YES;
				CLANG_WARN_UNGUARDED_AVAILABILITY = YES_AGGRESSIVE;
				CLANG_WARN_UNREACHABLE_CODE = YES;
				CLANG_WARN__DUPLICATE_METHOD_MATCH = YES;
				COPY_PHASE_STRIP = NO;
				DEBUG_INFORMATION_FORMAT = dwarf;
				ENABLE_STRICT_OBJC_MSGSEND = YES;
				ENABLE_TESTABILITY = YES;
				GCC_C_LANGUAGE_STANDARD = gnu11;
				GCC_DYNAMIC_NO_PIC = NO;
				GCC_NO_COMMON_BLOCKS = YES;
				GCC_OPTIMIZATION_LEVEL = 0;
				GCC_PREPROCESSOR_DEFINITIONS = (
					"DEBUG=1",
					"$(inherited)",
				);
				GCC_WARN_64_TO_32_BIT_CONVERSION = YES;
				GCC_WARN_ABOUT_RETURN_TYPE = YES_ERROR;
				GCC_WARN_UNDECLARED_SELECTOR = YES;
				GCC_WARN_UNINITIALIZED_AUTOS = YES_AGGRESSIVE;
				GCC_WARN_UNUSED_FUNCTION = YES;
				GCC_WARN_UNUSED_VARIABLE = YES;
				IPHONEOS_DEPLOYMENT_TARGET = 15.5;
				MTL_ENABLE_DEBUG_INFO = INCLUDE_SOURCE;
				MTL_FAST_MATH = YES;
				ONLY_ACTIVE_ARCH = YES;
				SDKROOT = iphoneos;
				SWIFT_ACTIVE_COMPILATION_CONDITIONS = DEBUG;
				SWIFT_OPTIMIZATION_LEVEL = "-Onone";
			};
			name = Debug;
		};
		8D66721528E7082500DDB1A7 /* Release */ = {
			isa = XCBuildConfiguration;
			buildSettings = {
				ALWAYS_SEARCH_USER_PATHS = NO;
				CLANG_ANALYZER_NONNULL = YES;
				CLANG_ANALYZER_NUMBER_OBJECT_CONVERSION = YES_AGGRESSIVE;
				CLANG_CXX_LANGUAGE_STANDARD = "gnu++17";
				CLANG_ENABLE_MODULES = YES;
				CLANG_ENABLE_OBJC_ARC = YES;
				CLANG_ENABLE_OBJC_WEAK = YES;
				CLANG_WARN_BLOCK_CAPTURE_AUTORELEASING = YES;
				CLANG_WARN_BOOL_CONVERSION = YES;
				CLANG_WARN_COMMA = YES;
				CLANG_WARN_CONSTANT_CONVERSION = YES;
				CLANG_WARN_DEPRECATED_OBJC_IMPLEMENTATIONS = YES;
				CLANG_WARN_DIRECT_OBJC_ISA_USAGE = YES_ERROR;
				CLANG_WARN_DOCUMENTATION_COMMENTS = YES;
				CLANG_WARN_EMPTY_BODY = YES;
				CLANG_WARN_ENUM_CONVERSION = YES;
				CLANG_WARN_INFINITE_RECURSION = YES;
				CLANG_WARN_INT_CONVERSION = YES;
				CLANG_WARN_NON_LITERAL_NULL_CONVERSION = YES;
				CLANG_WARN_OBJC_IMPLICIT_RETAIN_SELF = YES;
				CLANG_WARN_OBJC_LITERAL_CONVERSION = YES;
				CLANG_WARN_OBJC_ROOT_CLASS = YES_ERROR;
				CLANG_WARN_QUOTED_INCLUDE_IN_FRAMEWORK_HEADER = YES;
				CLANG_WARN_RANGE_LOOP_ANALYSIS = YES;
				CLANG_WARN_STRICT_PROTOTYPES = YES;
				CLANG_WARN_SUSPICIOUS_MOVE = YES;
				CLANG_WARN_UNGUARDED_AVAILABILITY = YES_AGGRESSIVE;
				CLANG_WARN_UNREACHABLE_CODE = YES;
				CLANG_WARN__DUPLICATE_METHOD_MATCH = YES;
				COPY_PHASE_STRIP = NO;
				DEBUG_INFORMATION_FORMAT = "dwarf-with-dsym";
				ENABLE_NS_ASSERTIONS = NO;
				ENABLE_STRICT_OBJC_MSGSEND = YES;
				GCC_C_LANGUAGE_STANDARD = gnu11;
				GCC_NO_COMMON_BLOCKS = YES;
				GCC_WARN_64_TO_32_BIT_CONVERSION = YES;
				GCC_WARN_ABOUT_RETURN_TYPE = YES_ERROR;
				GCC_WARN_UNDECLARED_SELECTOR = YES;
				GCC_WARN_UNINITIALIZED_AUTOS = YES_AGGRESSIVE;
				GCC_WARN_UNUSED_FUNCTION = YES;
				GCC_WARN_UNUSED_VARIABLE = YES;
				IPHONEOS_DEPLOYMENT_TARGET = 15.5;
				MTL_ENABLE_DEBUG_INFO = NO;
				MTL_FAST_MATH = YES;
				SDKROOT = iphoneos;
				SWIFT_COMPILATION_MODE = wholemodule;
				SWIFT_OPTIMIZATION_LEVEL = "-O";
				VALIDATE_PRODUCT = YES;
			};
			name = Release;
		};
		8D66721728E7082500DDB1A7 /* Debug */ = {
			isa = XCBuildConfiguration;
			buildSettings = {
				ASSETCATALOG_COMPILER_APPICON_NAME = AppIcon;
				ASSETCATALOG_COMPILER_GLOBAL_ACCENT_COLOR_NAME = AccentColor;
				CODE_SIGN_STYLE = Automatic;
				CURRENT_PROJECT_VERSION = 1;
				DEVELOPMENT_TEAM = 2U638ZS235;
				GENERATE_INFOPLIST_FILE = YES;
				INFOPLIST_FILE = BreathMeditation/System/Info.plist;
				INFOPLIST_KEY_UIApplicationSupportsIndirectInputEvents = YES;
				INFOPLIST_KEY_UILaunchStoryboardName = LaunchScreen.storyboard;
				INFOPLIST_KEY_UIMainStoryboardFile = Main;
				INFOPLIST_KEY_UISupportedInterfaceOrientations_iPad = "UIInterfaceOrientationPortrait UIInterfaceOrientationPortraitUpsideDown UIInterfaceOrientationLandscapeLeft UIInterfaceOrientationLandscapeRight";
				INFOPLIST_KEY_UISupportedInterfaceOrientations_iPhone = "UIInterfaceOrientationPortrait UIInterfaceOrientationLandscapeLeft UIInterfaceOrientationLandscapeRight";
				LD_RUNPATH_SEARCH_PATHS = (
					"$(inherited)",
					"@executable_path/Frameworks",
				);
				MARKETING_VERSION = 1.0;
				PRODUCT_BUNDLE_IDENTIFIER = com.cansuozdizlekli.BreathMeditation;
				PRODUCT_NAME = "$(TARGET_NAME)";
				SWIFT_EMIT_LOC_STRINGS = YES;
				SWIFT_VERSION = 5.0;
				TARGETED_DEVICE_FAMILY = "1,2";
			};
			name = Debug;
		};
		8D66721828E7082500DDB1A7 /* Release */ = {
			isa = XCBuildConfiguration;
			buildSettings = {
				ASSETCATALOG_COMPILER_APPICON_NAME = AppIcon;
				ASSETCATALOG_COMPILER_GLOBAL_ACCENT_COLOR_NAME = AccentColor;
				CODE_SIGN_STYLE = Automatic;
				CURRENT_PROJECT_VERSION = 1;
				DEVELOPMENT_TEAM = 2U638ZS235;
				GENERATE_INFOPLIST_FILE = YES;
				INFOPLIST_FILE = BreathMeditation/System/Info.plist;
				INFOPLIST_KEY_UIApplicationSupportsIndirectInputEvents = YES;
				INFOPLIST_KEY_UILaunchStoryboardName = LaunchScreen.storyboard;
				INFOPLIST_KEY_UIMainStoryboardFile = Main;
				INFOPLIST_KEY_UISupportedInterfaceOrientations_iPad = "UIInterfaceOrientationPortrait UIInterfaceOrientationPortraitUpsideDown UIInterfaceOrientationLandscapeLeft UIInterfaceOrientationLandscapeRight";
				INFOPLIST_KEY_UISupportedInterfaceOrientations_iPhone = "UIInterfaceOrientationPortrait UIInterfaceOrientationLandscapeLeft UIInterfaceOrientationLandscapeRight";
				LD_RUNPATH_SEARCH_PATHS = (
					"$(inherited)",
					"@executable_path/Frameworks",
				);
				MARKETING_VERSION = 1.0;
				PRODUCT_BUNDLE_IDENTIFIER = com.cansuozdizlekli.BreathMeditation;
				PRODUCT_NAME = "$(TARGET_NAME)";
				SWIFT_EMIT_LOC_STRINGS = YES;
				SWIFT_VERSION = 5.0;
				TARGETED_DEVICE_FAMILY = "1,2";
			};
			name = Release;
		};
		8D66721A28E7082500DDB1A7 /* Debug */ = {
			isa = XCBuildConfiguration;
			buildSettings = {
				ALWAYS_EMBED_SWIFT_STANDARD_LIBRARIES = YES;
				BUNDLE_LOADER = "$(TEST_HOST)";
				CODE_SIGN_STYLE = Automatic;
				CURRENT_PROJECT_VERSION = 1;
				DEVELOPMENT_TEAM = 2U638ZS235;
				GENERATE_INFOPLIST_FILE = YES;
				IPHONEOS_DEPLOYMENT_TARGET = 15.5;
				MARKETING_VERSION = 1.0;
				PRODUCT_BUNDLE_IDENTIFIER = com.cansuozdizlekli.BreathMeditationTests;
				PRODUCT_NAME = "$(TARGET_NAME)";
				SWIFT_EMIT_LOC_STRINGS = NO;
				SWIFT_VERSION = 5.0;
				TARGETED_DEVICE_FAMILY = "1,2";
				TEST_HOST = "$(BUILT_PRODUCTS_DIR)/BreathMeditation.app/BreathMeditation";
			};
			name = Debug;
		};
		8D66721B28E7082500DDB1A7 /* Release */ = {
			isa = XCBuildConfiguration;
			buildSettings = {
				ALWAYS_EMBED_SWIFT_STANDARD_LIBRARIES = YES;
				BUNDLE_LOADER = "$(TEST_HOST)";
				CODE_SIGN_STYLE = Automatic;
				CURRENT_PROJECT_VERSION = 1;
				DEVELOPMENT_TEAM = 2U638ZS235;
				GENERATE_INFOPLIST_FILE = YES;
				IPHONEOS_DEPLOYMENT_TARGET = 15.5;
				MARKETING_VERSION = 1.0;
				PRODUCT_BUNDLE_IDENTIFIER = com.cansuozdizlekli.BreathMeditationTests;
				PRODUCT_NAME = "$(TARGET_NAME)";
				SWIFT_EMIT_LOC_STRINGS = NO;
				SWIFT_VERSION = 5.0;
				TARGETED_DEVICE_FAMILY = "1,2";
				TEST_HOST = "$(BUILT_PRODUCTS_DIR)/BreathMeditation.app/BreathMeditation";
			};
			name = Release;
		};
		8D66721D28E7082500DDB1A7 /* Debug */ = {
			isa = XCBuildConfiguration;
			buildSettings = {
				ALWAYS_EMBED_SWIFT_STANDARD_LIBRARIES = YES;
				CODE_SIGN_STYLE = Automatic;
				CURRENT_PROJECT_VERSION = 1;
				DEVELOPMENT_TEAM = 2U638ZS235;
				GENERATE_INFOPLIST_FILE = YES;
				MARKETING_VERSION = 1.0;
				PRODUCT_BUNDLE_IDENTIFIER = com.cansuozdizlekli.BreathMeditationUITests;
				PRODUCT_NAME = "$(TARGET_NAME)";
				SWIFT_EMIT_LOC_STRINGS = NO;
				SWIFT_VERSION = 5.0;
				TARGETED_DEVICE_FAMILY = "1,2";
				TEST_TARGET_NAME = BreathMeditation;
			};
			name = Debug;
		};
		8D66721E28E7082500DDB1A7 /* Release */ = {
			isa = XCBuildConfiguration;
			buildSettings = {
				ALWAYS_EMBED_SWIFT_STANDARD_LIBRARIES = YES;
				CODE_SIGN_STYLE = Automatic;
				CURRENT_PROJECT_VERSION = 1;
				DEVELOPMENT_TEAM = 2U638ZS235;
				GENERATE_INFOPLIST_FILE = YES;
				MARKETING_VERSION = 1.0;
				PRODUCT_BUNDLE_IDENTIFIER = com.cansuozdizlekli.BreathMeditationUITests;
				PRODUCT_NAME = "$(TARGET_NAME)";
				SWIFT_EMIT_LOC_STRINGS = NO;
				SWIFT_VERSION = 5.0;
				TARGETED_DEVICE_FAMILY = "1,2";
				TEST_TARGET_NAME = BreathMeditation;
			};
			name = Release;
		};
/* End XCBuildConfiguration section */

/* Begin XCConfigurationList section */
		8D6671E428E7082200DDB1A7 /* Build configuration list for PBXProject "BreathMeditation" */ = {
			isa = XCConfigurationList;
			buildConfigurations = (
				8D66721428E7082500DDB1A7 /* Debug */,
				8D66721528E7082500DDB1A7 /* Release */,
			);
			defaultConfigurationIsVisible = 0;
			defaultConfigurationName = Release;
		};
		8D66721628E7082500DDB1A7 /* Build configuration list for PBXNativeTarget "BreathMeditation" */ = {
			isa = XCConfigurationList;
			buildConfigurations = (
				8D66721728E7082500DDB1A7 /* Debug */,
				8D66721828E7082500DDB1A7 /* Release */,
			);
			defaultConfigurationIsVisible = 0;
			defaultConfigurationName = Release;
		};
		8D66721928E7082500DDB1A7 /* Build configuration list for PBXNativeTarget "BreathMeditationTests" */ = {
			isa = XCConfigurationList;
			buildConfigurations = (
				8D66721A28E7082500DDB1A7 /* Debug */,
				8D66721B28E7082500DDB1A7 /* Release */,
			);
			defaultConfigurationIsVisible = 0;
			defaultConfigurationName = Release;
		};
		8D66721C28E7082500DDB1A7 /* Build configuration list for PBXNativeTarget "BreathMeditationUITests" */ = {
			isa = XCConfigurationList;
			buildConfigurations = (
				8D66721D28E7082500DDB1A7 /* Debug */,
				8D66721E28E7082500DDB1A7 /* Release */,
			);
			defaultConfigurationIsVisible = 0;
			defaultConfigurationName = Release;
		};
/* End XCConfigurationList section */

/* Begin XCRemoteSwiftPackageReference section */
		8D3A9BD028EE042B00AF6497 /* XCRemoteSwiftPackageReference "SnapKit" */ = {
			isa = XCRemoteSwiftPackageReference;
			repositoryURL = "https://github.com/SnapKit/SnapKit.git";
			requirement = {
				kind = upToNextMajorVersion;
				minimumVersion = 5.0.1;
			};
		};
		8D5FFB6928E9B84B003E05D5 /* XCRemoteSwiftPackageReference "CHTCollectionViewWaterfallLayout" */ = {
			isa = XCRemoteSwiftPackageReference;
			repositoryURL = "https://github.com/chiahsien/CHTCollectionViewWaterfallLayout";
			requirement = {
				kind = upToNextMajorVersion;
				minimumVersion = 0.9.9;
			};
		};
/* End XCRemoteSwiftPackageReference section */

/* Begin XCSwiftPackageProductDependency section */
		8D3A9BD128EE042B00AF6497 /* SnapKit */ = {
			isa = XCSwiftPackageProductDependency;
			package = 8D3A9BD028EE042B00AF6497 /* XCRemoteSwiftPackageReference "SnapKit" */;
			productName = SnapKit;
		};
		8D5FFB6A28E9B84B003E05D5 /* CHTCollectionViewWaterfallLayout */ = {
			isa = XCSwiftPackageProductDependency;
			package = 8D5FFB6928E9B84B003E05D5 /* XCRemoteSwiftPackageReference "CHTCollectionViewWaterfallLayout" */;
			productName = CHTCollectionViewWaterfallLayout;
		};
		8D5FFB6C28E9B84B003E05D5 /* CHTCollectionViewWaterfallLayoutObjC */ = {
			isa = XCSwiftPackageProductDependency;
			package = 8D5FFB6928E9B84B003E05D5 /* XCRemoteSwiftPackageReference "CHTCollectionViewWaterfallLayout" */;
			productName = CHTCollectionViewWaterfallLayoutObjC;
		};
/* End XCSwiftPackageProductDependency section */

/* Begin XCVersionGroup section */
		8D6671F528E7082200DDB1A7 /* BreathMeditation.xcdatamodeld */ = {
			isa = XCVersionGroup;
			children = (
				8D6671F628E7082200DDB1A7 /* BreathMeditation.xcdatamodel */,
			);
			currentVersion = 8D6671F628E7082200DDB1A7 /* BreathMeditation.xcdatamodel */;
			path = BreathMeditation.xcdatamodeld;
			sourceTree = "<group>";
			versionGroupType = wrapper.xcdatamodel;
		};
/* End XCVersionGroup section */
	};
	rootObject = 8D6671E128E7082200DDB1A7 /* Project object */;
}
